// !$*UTF8*$!
{
	archiveVersion = 1;
	classes = {
	};
	objectVersion = 46;
	objects = {

/* Begin PBXBuildFile section */
		AA6DF3471B94FA3300378AFD /* main.m in Sources */ = {isa = PBXBuildFile; fileRef = AA6DF3461B94FA3300378AFD /* main.m */; };
		AA6DF34A1B94FA3300378AFD /* AppDelegate.m in Sources */ = {isa = PBXBuildFile; fileRef = AA6DF3491B94FA3300378AFD /* AppDelegate.m */; };
		AA6DF34D1B94FA3300378AFD /* ViewController.m in Sources */ = {isa = PBXBuildFile; fileRef = AA6DF34C1B94FA3300378AFD /* ViewController.m */; };
		AA6DF3501B94FA3300378AFD /* Main.storyboard in Resources */ = {isa = PBXBuildFile; fileRef = AA6DF34E1B94FA3300378AFD /* Main.storyboard */; };
		AA6DF3521B94FA3300378AFD /* Images.xcassets in Resources */ = {isa = PBXBuildFile; fileRef = AA6DF3511B94FA3300378AFD /* Images.xcassets */; };
		AA6DF3551B94FA3300378AFD /* LaunchScreen.xib in Resources */ = {isa = PBXBuildFile; fileRef = AA6DF3531B94FA3300378AFD /* LaunchScreen.xib */; };
		AA6DF3611B94FA3300378AFD /* TwoPlayerMathTests.m in Sources */ = {isa = PBXBuildFile; fileRef = AA6DF3601B94FA3300378AFD /* TwoPlayerMathTests.m */; };
		AA6DF36C1B94FE6C00378AFD /* Player.m in Sources */ = {isa = PBXBuildFile; fileRef = AA6DF36B1B94FE6C00378AFD /* Player.m */; };
		AA6DF36F1B94FF2F00378AFD /* Game.m in Sources */ = {isa = PBXBuildFile; fileRef = AA6DF36E1B94FF2F00378AFD /* Game.m */; };
/* End PBXBuildFile section */

/* Begin PBXContainerItemProxy section */
		AA6DF35B1B94FA3300378AFD /* PBXContainerItemProxy */ = {
			isa = PBXContainerItemProxy;
			containerPortal = AA6DF3391B94FA3300378AFD /* Project object */;
			proxyType = 1;
			remoteGlobalIDString = AA6DF3401B94FA3300378AFD;
			remoteInfo = TwoPlayerMath;
		};
/* End PBXContainerItemProxy section */

/* Begin PBXFileReference section */
		AA6DF3411B94FA3300378AFD /* TwoPlayerMath.app */ = {isa = PBXFileReference; explicitFileType = wrapper.application; includeInIndex = 0; path = TwoPlayerMath.app; sourceTree = BUILT_PRODUCTS_DIR; };
		AA6DF3451B94FA3300378AFD /* Info.plist */ = {isa = PBXFileReference; lastKnownFileType = text.plist.xml; path = Info.plist; sourceTree = "<group>"; };
		AA6DF3461B94FA3300378AFD /* main.m */ = {isa = PBXFileReference; lastKnownFileType = sourcecode.c.objc; path = main.m; sourceTree = "<group>"; };
		AA6DF3481B94FA3300378AFD /* AppDelegate.h */ = {isa = PBXFileReference; lastKnownFileType = sourcecode.c.h; path = AppDelegate.h; sourceTree = "<group>"; };
		AA6DF3491B94FA3300378AFD /* AppDelegate.m */ = {isa = PBXFileReference; lastKnownFileType = sourcecode.c.objc; path = AppDelegate.m; sourceTree = "<group>"; };
		AA6DF34B1B94FA3300378AFD /* ViewController.h */ = {isa = PBXFileReference; lastKnownFileType = sourcecode.c.h; path = ViewController.h; sourceTree = "<group>"; };
		AA6DF34C1B94FA3300378AFD /* ViewController.m */ = {isa = PBXFileReference; lastKnownFileType = sourcecode.c.objc; path = ViewController.m; sourceTree = "<group>"; };
		AA6DF34F1B94FA3300378AFD /* Base */ = {isa = PBXFileReference; lastKnownFileType = file.storyboard; name = Base; path = Base.lproj/Main.storyboard; sourceTree = "<group>"; };
		AA6DF3511B94FA3300378AFD /* Images.xcassets */ = {isa = PBXFileReference; lastKnownFileType = folder.assetcatalog; path = Images.xcassets; sourceTree = "<group>"; };
		AA6DF3541B94FA3300378AFD /* Base */ = {isa = PBXFileReference; lastKnownFileType = file.xib; name = Base; path = Base.lproj/LaunchScreen.xib; sourceTree = "<group>"; };
		AA6DF35A1B94FA3300378AFD /* TwoPlayerMathTests.xctest */ = {isa = PBXFileReference; explicitFileType = wrapper.cfbundle; includeInIndex = 0; path = TwoPlayerMathTests.xctest; sourceTree = BUILT_PRODUCTS_DIR; };
		AA6DF35F1B94FA3300378AFD /* Info.plist */ = {isa = PBXFileReference; lastKnownFileType = text.plist.xml; path = Info.plist; sourceTree = "<group>"; };
		AA6DF3601B94FA3300378AFD /* TwoPlayerMathTests.m */ = {isa = PBXFileReference; lastKnownFileType = sourcecode.c.objc; path = TwoPlayerMathTests.m; sourceTree = "<group>"; };
		AA6DF36A1B94FE6C00378AFD /* Player.h */ = {isa = PBXFileReference; fileEncoding = 4; lastKnownFileType = sourcecode.c.h; path = Player.h; sourceTree = "<group>"; };
		AA6DF36B1B94FE6C00378AFD /* Player.m */ = {isa = PBXFileReference; fileEncoding = 4; lastKnownFileType = sourcecode.c.objc; path = Player.m; sourceTree = "<group>"; };
		AA6DF36D1B94FF2F00378AFD /* Game.h */ = {isa = PBXFileReference; fileEncoding = 4; lastKnownFileType = sourcecode.c.h; path = Game.h; sourceTree = "<group>"; };
		AA6DF36E1B94FF2F00378AFD /* Game.m */ = {isa = PBXFileReference; fileEncoding = 4; lastKnownFileType = sourcecode.c.objc; path = Game.m; sourceTree = "<group>"; };
/* End PBXFileReference section */

/* Begin PBXFrameworksBuildPhase section */
		AA6DF33E1B94FA3300378AFD /* Frameworks */ = {
			isa = PBXFrameworksBuildPhase;
			buildActionMask = 2147483647;
			files = (
			);
			runOnlyForDeploymentPostprocessing = 0;
		};
		AA6DF3571B94FA3300378AFD /* Frameworks */ = {
			isa = PBXFrameworksBuildPhase;
			buildActionMask = 2147483647;
			files = (
			);
			runOnlyForDeploymentPostprocessing = 0;
		};
/* End PBXFrameworksBuildPhase section */

/* Begin PBXGroup section */
		AA6DF3381B94FA3300378AFD = {
			isa = PBXGroup;
			children = (
				AA6DF3431B94FA3300378AFD /* TwoPlayerMath */,
				AA6DF35D1B94FA3300378AFD /* TwoPlayerMathTests */,
				AA6DF3421B94FA3300378AFD /* Products */,
			);
			sourceTree = "<group>";
		};
		AA6DF3421B94FA3300378AFD /* Products */ = {
			isa = PBXGroup;
			children = (
				AA6DF3411B94FA3300378AFD /* TwoPlayerMath.app */,
				AA6DF35A1B94FA3300378AFD /* TwoPlayerMathTests.xctest */,
			);
			name = Products;
			sourceTree = "<group>";
		};
		AA6DF3431B94FA3300378AFD /* TwoPlayerMath */ = {
			isa = PBXGroup;
			children = (
				AA6DF3481B94FA3300378AFD /* AppDelegate.h */,
				AA6DF3491B94FA3300378AFD /* AppDelegate.m */,
				AA6DF34B1B94FA3300378AFD /* ViewController.h */,
				AA6DF34C1B94FA3300378AFD /* ViewController.m */,
				AA6DF34E1B94FA3300378AFD /* Main.storyboard */,
				AA6DF36A1B94FE6C00378AFD /* Player.h */,
				AA6DF36B1B94FE6C00378AFD /* Player.m */,
				AA6DF36D1B94FF2F00378AFD /* Game.h */,
				AA6DF36E1B94FF2F00378AFD /* Game.m */,
				AA6DF3511B94FA3300378AFD /* Images.xcassets */,
				AA6DF3531B94FA3300378AFD /* LaunchScreen.xib */,
				AA6DF3441B94FA3300378AFD /* Supporting Files */,
			);
			path = TwoPlayerMath;
			sourceTree = "<group>";
		};
		AA6DF3441B94FA3300378AFD /* Supporting Files */ = {
			isa = PBXGroup;
			children = (
				AA6DF3451B94FA3300378AFD /* Info.plist */,
				AA6DF3461B94FA3300378AFD /* main.m */,
			);
			name = "Supporting Files";
			sourceTree = "<group>";
		};
		AA6DF35D1B94FA3300378AFD /* TwoPlayerMathTests */ = {
			isa = PBXGroup;
			children = (
				AA6DF3601B94FA3300378AFD /* TwoPlayerMathTests.m */,
				AA6DF35E1B94FA3300378AFD /* Supporting Files */,
			);
			path = TwoPlayerMathTests;
			sourceTree = "<group>";
		};
		AA6DF35E1B94FA3300378AFD /* Supporting Files */ = {
			isa = PBXGroup;
			children = (
				AA6DF35F1B94FA3300378AFD /* Info.plist */,
			);
			name = "Supporting Files";
			sourceTree = "<group>";
		};
/* End PBXGroup section */

/* Begin PBXNativeTarget section */
		AA6DF3401B94FA3300378AFD /* TwoPlayerMath */ = {
			isa = PBXNativeTarget;
			buildConfigurationList = AA6DF3641B94FA3300378AFD /* Build configuration list for PBXNativeTarget "TwoPlayerMath" */;
			buildPhases = (
				AA6DF33D1B94FA3300378AFD /* Sources */,
				AA6DF33E1B94FA3300378AFD /* Frameworks */,
				AA6DF33F1B94FA3300378AFD /* Resources */,
			);
			buildRules = (
			);
			dependencies = (
			);
			name = TwoPlayerMath;
			productName = TwoPlayerMath;
			productReference = AA6DF3411B94FA3300378AFD /* TwoPlayerMath.app */;
			productType = "com.apple.product-type.application";
		};
		AA6DF3591B94FA3300378AFD /* TwoPlayerMathTests */ = {
			isa = PBXNativeTarget;
			buildConfigurationList = AA6DF3671B94FA3300378AFD /* Build configuration list for PBXNativeTarget "TwoPlayerMathTests" */;
			buildPhases = (
				AA6DF3561B94FA3300378AFD /* Sources */,
				AA6DF3571B94FA3300378AFD /* Frameworks */,
				AA6DF3581B94FA3300378AFD /* Resources */,
			);
			buildRules = (
			);
			dependencies = (
				AA6DF35C1B94FA3300378AFD /* PBXTargetDependency */,
			);
			name = TwoPlayerMathTests;
			productName = TwoPlayerMathTests;
			productReference = AA6DF35A1B94FA3300378AFD /* TwoPlayerMathTests.xctest */;
			productType = "com.apple.product-type.bundle.unit-test";
		};
/* End PBXNativeTarget section */

/* Begin PBXProject section */
		AA6DF3391B94FA3300378AFD /* Project object */ = {
			isa = PBXProject;
			attributes = {
				LastUpgradeCheck = 0640;
				ORGANIZATIONNAME = KatieExpatriated;
				TargetAttributes = {
					AA6DF3401B94FA3300378AFD = {
						CreatedOnToolsVersion = 6.4;
					};
					AA6DF3591B94FA3300378AFD = {
						CreatedOnToolsVersion = 6.4;
						TestTargetID = AA6DF3401B94FA3300378AFD;
					};
				};
			};
			buildConfigurationList = AA6DF33C1B94FA3300378AFD /* Build configuration list for PBXProject "TwoPlayerMath" */;
			compatibilityVersion = "Xcode 3.2";
			developmentRegion = English;
			hasScannedForEncodings = 0;
			knownRegions = (
				en,
				Base,
			);
			mainGroup = AA6DF3381B94FA3300378AFD;
			productRefGroup = AA6DF3421B94FA3300378AFD /* Products */;
			projectDirPath = "";
			projectRoot = "";
			targets = (
				AA6DF3401B94FA3300378AFD /* TwoPlayerMath */,
				AA6DF3591B94FA3300378AFD /* TwoPlayerMathTests */,
			);
		};
/* End PBXProject section */

/* Begin PBXResourcesBuildPhase section */
		AA6DF33F1B94FA3300378AFD /* Resources */ = {
			isa = PBXResourcesBuildPhase;
			buildActionMask = 2147483647;
			files = (
				AA6DF3501B94FA3300378AFD /* Main.storyboard in Resources */,
				AA6DF3551B94FA3300378AFD /* LaunchScreen.xib in Resources */,
				AA6DF3521B94FA3300378AFD /* Images.xcassets in Resources */,
			);
			runOnlyForDeploymentPostprocessing = 0;
		};
		AA6DF3581B94FA3300378AFD /* Resources */ = {
			isa = PBXResourcesBuildPhase;
			buildActionMask = 2147483647;
			files = (
			);
			runOnlyForDeploymentPostprocessing = 0;
		};
/* End PBXResourcesBuildPhase section */

/* Begin PBXSourcesBuildPhase section */
		AA6DF33D1B94FA3300378AFD /* Sources */ = {
			isa = PBXSourcesBuildPhase;
			buildActionMask = 2147483647;
			files = (
				AA6DF36F1B94FF2F00378AFD /* Game.m in Sources */,
				AA6DF36C1B94FE6C00378AFD /* Player.m in Sources */,
				AA6DF34D1B94FA3300378AFD /* ViewController.m in Sources */,
				AA6DF34A1B94FA3300378AFD /* AppDelegate.m in Sources */,
				AA6DF3471B94FA3300378AFD /* main.m in Sources */,
			);
			runOnlyForDeploymentPostprocessing = 0;
		};
		AA6DF3561B94FA3300378AFD /* Sources */ = {
			isa = PBXSourcesBuildPhase;
			buildActionMask = 2147483647;
			files = (
				AA6DF3611B94FA3300378AFD /* TwoPlayerMathTests.m in Sources */,
			);
			runOnlyForDeploymentPostprocessing = 0;
		};
/* End PBXSourcesBuildPhase section */

/* Begin PBXTargetDependency section */
		AA6DF35C1B94FA3300378AFD /* PBXTargetDependency */ = {
			isa = PBXTargetDependency;
			target = AA6DF3401B94FA3300378AFD /* TwoPlayerMath */;
			targetProxy = AA6DF35B1B94FA3300378AFD /* PBXContainerItemProxy */;
		};
/* End PBXTargetDependency section */

/* Begin PBXVariantGroup section */
		AA6DF34E1B94FA3300378AFD /* Main.storyboard */ = {
			isa = PBXVariantGroup;
			children = (
				AA6DF34F1B94FA3300378AFD /* Base */,
			);
			name = Main.storyboard;
			sourceTree = "<group>";
		};
		AA6DF3531B94FA3300378AFD /* LaunchScreen.xib */ = {
			isa = PBXVariantGroup;
			children = (
				AA6DF3541B94FA3300378AFD /* Base */,
			);
			name = LaunchScreen.xib;
			sourceTree = "<group>";
		};
/* End PBXVariantGroup section */

/* Begin XCBuildConfiguration section */
		AA6DF3621B94FA3300378AFD /* Debug */ = {
			isa = XCBuildConfiguration;
			buildSettings = {
				ALWAYS_SEARCH_USER_PATHS = NO;
				CLANG_CXX_LANGUAGE_STANDARD = "gnu++0x";
				CLANG_CXX_LIBRARY = "libc++";
				CLANG_ENABLE_MODULES = YES;
				CLANG_ENABLE_OBJC_ARC = YES;
				CLANG_WARN_BOOL_CONVERSION = YES;
				CLANG_WARN_CONSTANT_CONVERSION = YES;
				CLANG_WARN_DIRECT_OBJC_ISA_USAGE = YES_ERROR;
				CLANG_WARN_EMPTY_BODY = YES;
				CLANG_WARN_ENUM_CONVERSION = YES;
				CLANG_WARN_INT_CONVERSION = YES;
				CLANG_WARN_OBJC_ROOT_CLASS = YES_ERROR;
				CLANG_WARN_UNREACHABLE_CODE = YES;
				CLANG_WARN__DUPLICATE_METHOD_MATCH = YES;
				"CODE_SIGN_IDENTITY[sdk=iphoneos*]" = "iPhone Developer";
				COPY_PHASE_STRIP = NO;
				DEBUG_INFORMATION_FORMAT = "dwarf-with-dsym";
				ENABLE_STRICT_OBJC_MSGSEND = YES;
				GCC_C_LANGUAGE_STANDARD = gnu99;
				GCC_DYNAMIC_NO_PIC = NO;
				GCC_NO_COMMON_BLOCKS = YES;
				GCC_OPTIMIZATION_LEVEL = 0;
				GCC_PREPROCESSOR_DEFINITIONS = (
					"DEBUG=1",
					"$(inherited)",
				);
				GCC_SYMBOLS_PRIVATE_EXTERN = NO;
				GCC_WARN_64_TO_32_BIT_CONVERSION = YES;
				GCC_WARN_ABOUT_RETURN_TYPE = YES_ERROR;
				GCC_WARN_UNDECLARED_SELECTOR = YES;
				GCC_WARN_UNINITIALIZED_AUTOS = YES_AGGRESSIVE;
				GCC_WARN_UNUSED_FUNCTION = YES;
				GCC_WARN_UNUSED_VARIABLE = YES;
				IPHONEOS_DEPLOYMENT_TARGET = 8.4;
				MTL_ENABLE_DEBUG_INFO = YES;
				ONLY_ACTIVE_ARCH = YES;
				SDKROOT = iphoneos;
			};
			name = Debug;
		};
		AA6DF3631B94FA3300378AFD /* Release */ = {
			isa = XCBuildConfiguration;
			buildSettings = {
				ALWAYS_SEARCH_USER_PATHS = NO;
				CLANG_CXX_LANGUAGE_STANDARD = "gnu++0x";
				CLANG_CXX_LIBRARY = "libc++";
				CLANG_ENABLE_MODULES = YES;
				CLANG_ENABLE_OBJC_ARC = YES;
				CLANG_WARN_BOOL_CONVERSION = YES;
				CLANG_WARN_CONSTANT_CONVERSION = YES;
				CLANG_WARN_DIRECT_OBJC_ISA_USAGE = YES_ERROR;
				CLANG_WARN_EMPTY_BODY = YES;
				CLANG_WARN_ENUM_CONVERSION = YES;
				CLANG_WARN_INT_CONVERSION = YES;
				CLANG_WARN_OBJC_ROOT_CLASS = YES_ERROR;
				CLANG_WARN_UNREACHABLE_CODE = YES;
				CLANG_WARN__DUPLICATE_METHOD_MATCH = YES;
				"CODE_SIGN_IDENTITY[sdk=iphoneos*]" = "iPhone Developer";
				COPY_PHASE_STRIP = NO;
				DEBUG_INFORMATION_FORMAT = "dwarf-with-dsym";
				ENABLE_NS_ASSERTIONS = NO;
				ENABLE_STRICT_OBJC_MSGSEND = YES;
				GCC_C_LANGUAGE_STANDARD = gnu99;
				GCC_NO_COMMON_BLOCKS = YES;
				GCC_WARN_64_TO_32_BIT_CONVERSION = YES;
				GCC_WARN_ABOUT_RETURN_TYPE = YES_ERROR;
				GCC_WARN_UNDECLARED_SELECTOR = YES;
				GCC_WARN_UNINITIALIZED_AUTOS = YES_AGGRESSIVE;
				GCC_WARN_UNUSED_FUNCTION = YES;
				GCC_WARN_UNUSED_VARIABLE = YES;
				IPHONEOS_DEPLOYMENT_TARGET = 8.4;
				MTL_ENABLE_DEBUG_INFO = NO;
				SDKROOT = iphoneos;
				VALIDATE_PRODUCT = YES;
			};
			name = Release;
		};
		AA6DF3651B94FA3300378AFD /* Debug */ = {
			isa = XCBuildConfiguration;
			buildSettings = {
				ASSETCATALOG_COMPILER_APPICON_NAME = AppIcon;
				INFOPLIST_FILE = TwoPlayerMath/Info.plist;
				LD_RUNPATH_SEARCH_PATHS = "$(inherited) @executable_path/Frameworks";
				PRODUCT_NAME = "$(TARGET_NAME)";
			};
			name = Debug;
		};
		AA6DF3661B94FA3300378AFD /* Release */ = {
			isa = XCBuildConfiguration;
			buildSettings = {
				ASSETCATALOG_COMPILER_APPICON_NAME = AppIcon;
				INFOPLIST_FILE = TwoPlayerMath/Info.plist;
				LD_RUNPATH_SEARCH_PATHS = "$(inherited) @executable_path/Frameworks";
				PRODUCT_NAME = "$(TARGET_NAME)";
			};
			name = Release;
		};
		AA6DF3681B94FA3300378AFD /* Debug */ = {
			isa = XCBuildConfiguration;
			buildSettings = {
				BUNDLE_LOADER = "$(TEST_HOST)";
				FRAMEWORK_SEARCH_PATHS = (
					"$(SDKROOT)/Developer/Library/Frameworks",
					"$(inherited)",
				);
				GCC_PREPROCESSOR_DEFINITIONS = (
					"DEBUG=1",
					"$(inherited)",
				);
				INFOPLIST_FILE = TwoPlayerMathTests/Info.plist;
				LD_RUNPATH_SEARCH_PATHS = "$(inherited) @executable_path/Frameworks @loader_path/Frameworks";
				PRODUCT_NAME = "$(TARGET_NAME)";
				TEST_HOST = "$(BUILT_PRODUCTS_DIR)/TwoPlayerMath.app/TwoPlayerMath";
			};
			name = Debug;
		};
		AA6DF3691B94FA3300378AFD /* Release */ = {
			isa = XCBuildConfiguration;
			buildSettings = {
				BUNDLE_LOADER = "$(TEST_HOST)";
				FRAMEWORK_SEARCH_PATHS = (
					"$(SDKROOT)/Developer/Library/Frameworks",
					"$(inherited)",
				);
				INFOPLIST_FILE = TwoPlayerMathTests/Info.plist;
				LD_RUNPATH_SEARCH_PATHS = "$(inherited) @executable_path/Frameworks @loader_path/Frameworks";
				PRODUCT_NAME = "$(TARGET_NAME)";
				TEST_HOST = "$(BUILT_PRODUCTS_DIR)/TwoPlayerMath.app/TwoPlayerMath";
			};
			name = Release;
		};
/* End XCBuildConfiguration section */

/* Begin XCConfigurationList section */
		AA6DF33C1B94FA3300378AFD /* Build configuration list for PBXProject "TwoPlayerMath" */ = {
			isa = XCConfigurationList;
			buildConfigurations = (
				AA6DF3621B94FA3300378AFD /* Debug */,
				AA6DF3631B94FA3300378AFD /* Release */,
			);
			defaultConfigurationIsVisible = 0;
			defaultConfigurationName = Release;
		};
		AA6DF3641B94FA3300378AFD /* Build configuration list for PBXNativeTarget "TwoPlayerMath" */ = {
			isa = XCConfigurationList;
			buildConfigurations = (
				AA6DF3651B94FA3300378AFD /* Debug */,
				AA6DF3661B94FA3300378AFD /* Release */,
			);
			defaultConfigurationIsVisible = 0;
		};
		AA6DF3671B94FA3300378AFD /* Build configuration list for PBXNativeTarget "TwoPlayerMathTests" */ = {
			isa = XCConfigurationList;
			buildConfigurations = (
				AA6DF3681B94FA3300378AFD /* Debug */,
				AA6DF3691B94FA3300378AFD /* Release */,
			);
			defaultConfigurationIsVisible = 0;
		};
/* End XCConfigurationList section */
	};
	rootObject = AA6DF3391B94FA3300378AFD /* Project object */;
}
